
Microsoft Visual Studio Solution File, Format Version 12.00
# Visual Studio Version 16
VisualStudioVersion = 16.0.29102.190
MinimumVisualStudioVersion = 10.0.40219.1
Project("{9A19103F-16F7-4668-BE54-9A1E7A4F7556}") = "PalasProject", "PalasProject\PalasProject.csproj", "{4F5B372A-12AA-4BD3-821A-17656CB6062C}"
EndProject
Project("{9A19103F-16F7-4668-BE54-9A1E7A4F7556}") = "PalasProject.Repositories", "PalasProjectRepository\PalasProject.Repositories.csproj", "{A3F2705C-E134-4CF4-99CF-917F6FDC1D4A}"
EndProject
Project("{9A19103F-16F7-4668-BE54-9A1E7A4F7556}") = "PalasProject.UnitTests", "PalasProject.UnitTests\PalasProject.UnitTests.csproj", "{71E3FFFF-F147-4E8F-9DE4-DCEA0412E880}"
EndProject
Project("{9A19103F-16F7-4668-BE54-9A1E7A4F7556}") = "Infrastructure", "Infrastructure\Infrastructure.csproj", "{CE69586C-CF3B-43B7-9130-C27353525A4A}"
EndProject
Project("{9A19103F-16F7-4668-BE54-9A1E7A4F7556}") = "Models", "Models\Models.csproj", "{7B1FEC68-374A-49C6-91BC-97A9A2868C29}"
EndProject
Project("{FAE04EC0-301F-11D3-BF4B-00C04F79EFBC}") = "Loggers", "PalasProject.Loggers\Loggers.csproj", "{F01B65E6-AF45-46AC-A495-E6ADA111FF3C}"
EndProject
Global
	GlobalSection(SolutionConfigurationPlatforms) = preSolution
		Debug|Any CPU = Debug|Any CPU
		Release|Any CPU = Release|Any CPU
	EndGlobalSection
	GlobalSection(ProjectConfigurationPlatforms) = postSolution
		{4F5B372A-12AA-4BD3-821A-17656CB6062C}.Debug|Any CPU.ActiveCfg = Debug|Any CPU
		{4F5B372A-12AA-4BD3-821A-17656CB6062C}.Debug|Any CPU.Build.0 = Debug|Any CPU
		{4F5B372A-12AA-4BD3-821A-17656CB6062C}.Release|Any CPU.ActiveCfg = Release|Any CPU
		{4F5B372A-12AA-4BD3-821A-17656CB6062C}.Release|Any CPU.Build.0 = Release|Any CPU
		{A3F2705C-E134-4CF4-99CF-917F6FDC1D4A}.Debug|Any CPU.ActiveCfg = Debug|Any CPU
		{A3F2705C-E134-4CF4-99CF-917F6FDC1D4A}.Debug|Any CPU.Build.0 = Debug|Any CPU
		{A3F2705C-E134-4CF4-99CF-917F6FDC1D4A}.Release|Any CPU.ActiveCfg = Release|Any CPU
		{A3F2705C-E134-4CF4-99CF-917F6FDC1D4A}.Release|Any CPU.Build.0 = Release|Any CPU
		{71E3FFFF-F147-4E8F-9DE4-DCEA0412E880}.Debug|Any CPU.ActiveCfg = Debug|Any CPU
		{71E3FFFF-F147-4E8F-9DE4-DCEA0412E880}.Debug|Any CPU.Build.0 = Debug|Any CPU
		{71E3FFFF-F147-4E8F-9DE4-DCEA0412E880}.Release|Any CPU.ActiveCfg = Release|Any CPU
		{71E3FFFF-F147-4E8F-9DE4-DCEA0412E880}.Release|Any CPU.Build.0 = Release|Any CPU
		{CE69586C-CF3B-43B7-9130-C27353525A4A}.Debug|Any CPU.ActiveCfg = Debug|Any CPU
		{CE69586C-CF3B-43B7-9130-C27353525A4A}.Debug|Any CPU.Build.0 = Debug|Any CPU
		{CE69586C-CF3B-43B7-9130-C27353525A4A}.Release|Any CPU.ActiveCfg = Release|Any CPU
		{CE69586C-CF3B-43B7-9130-C27353525A4A}.Release|Any CPU.Build.0 = Release|Any CPU
		{7B1FEC68-374A-49C6-91BC-97A9A2868C29}.Debug|Any CPU.ActiveCfg = Debug|Any CPU
		{7B1FEC68-374A-49C6-91BC-97A9A2868C29}.Debug|Any CPU.Build.0 = Debug|Any CPU
		{7B1FEC68-374A-49C6-91BC-97A9A2868C29}.Release|Any CPU.ActiveCfg = Release|Any CPU
		{7B1FEC68-374A-49C6-91BC-97A9A2868C29}.Release|Any CPU.Build.0 = Release|Any CPU
		{F01B65E6-AF45-46AC-A495-E6ADA111FF3C}.Debug|Any CPU.ActiveCfg = Debug|Any CPU
		{F01B65E6-AF45-46AC-A495-E6ADA111FF3C}.Debug|Any CPU.Build.0 = Debug|Any CPU
		{F01B65E6-AF45-46AC-A495-E6ADA111FF3C}.Release|Any CPU.ActiveCfg = Release|Any CPU
		{F01B65E6-AF45-46AC-A495-E6ADA111FF3C}.Release|Any CPU.Build.0 = Release|Any CPU
	EndGlobalSection
	GlobalSection(SolutionProperties) = preSolution
		HideSolutionNode = FALSE
	EndGlobalSection
	GlobalSection(ExtensibilityGlobals) = postSolution
		SolutionGuid = {CFD8CDF7-92FE-4D37-87BC-1C7012233FA8}
	EndGlobalSection
EndGlobal
